
Microsoft Visual Studio Solution File, Format Version 12.00
# Visual Studio Version 17
VisualStudioVersion = 17.9.34728.123
MinimumVisualStudioVersion = 10.0.40219.1
Project("{9A19103F-16F7-4668-BE54-9A1E7A4F7556}") = "IntroducionRazor", "IntroducionRazor\IntroducionRazor.csproj", "{249ECA81-3726-4069-92BB-2BDD02CF63CE}"
EndProject
Global
	GlobalSection(SolutionConfigurationPlatforms) = preSolution
		Debug|Any CPU = Debug|Any CPU
		Release|Any CPU = Release|Any CPU
	EndGlobalSection
	GlobalSection(ProjectConfigurationPlatforms) = postSolution
		{249ECA81-3726-4069-92BB-2BDD02CF63CE}.Debug|Any CPU.ActiveCfg = Debug|Any CPU
		{249ECA81-3726-4069-92BB-2BDD02CF63CE}.Debug|Any CPU.Build.0 = Debug|Any CPU
		{249ECA81-3726-4069-92BB-2BDD02CF63CE}.Release|Any CPU.ActiveCfg = Release|Any CPU
		{249ECA81-3726-4069-92BB-2BDD02CF63CE}.Release|Any CPU.Build.0 = Release|Any CPU
	EndGlobalSection
	GlobalSection(SolutionProperties) = preSolution
		HideSolutionNode = FALSE
	EndGlobalSection
	GlobalSection(ExtensibilityGlobals) = postSolution
		SolutionGuid = {874C2379-FA54-42B1-BA60-6F271EA7B4D1}
	EndGlobalSection
EndGlobal
